
Microsoft Visual Studio Solution File, Format Version 12.00
Project("{FAE04EC0-301F-11D3-BF4B-00C04F79EFBC}") = "temp2", "temp2\temp2.csproj", "{BDC895F0-56AC-4718-ABDB-4531F1D8E5EC}"
EndProject
Project("{2150E333-8FDC-42A3-9474-1A3956D46DE8}") = "SolutionFolder", "SolutionFolder", "{AB510356-863F-49D1-98A9-115DBF909CB4}"
ProjectSection(SolutionItems) = preProject
	.gitignore = .gitignore
EndProjectSection
EndProject
Global
	GlobalSection(SolutionConfigurationPlatforms) = preSolution
		Debug|Any CPU = Debug|Any CPU
		Release|Any CPU = Release|Any CPU
	EndGlobalSection
	GlobalSection(ProjectConfigurationPlatforms) = postSolution
		{BDC895F0-56AC-4718-ABDB-4531F1D8E5EC}.Debug|Any CPU.ActiveCfg = Debug|Any CPU
		{BDC895F0-56AC-4718-ABDB-4531F1D8E5EC}.Debug|Any CPU.Build.0 = Debug|Any CPU
		{BDC895F0-56AC-4718-ABDB-4531F1D8E5EC}.Release|Any CPU.ActiveCfg = Release|Any CPU
		{BDC895F0-56AC-4718-ABDB-4531F1D8E5EC}.Release|Any CPU.Build.0 = Release|Any CPU
	EndGlobalSection
EndGlobal
